# This file is @generated by PDM.
# It is not intended for manual editing.

[metadata]
groups = ["default", "dev"]
strategy = ["inherit_metadata"]
lock_version = "4.5.0"
content_hash = "sha256:11010f97c5079048cdf021c401a69ef671d8fb5093e294c8ec8dfbe8547f7e78"

[[metadata.targets]]
requires_python = "==3.13.*"

[[package]]
name = "nodeenv"
version = "1.9.1"
requires_python = "!=3.0.*,!=3.1.*,!=3.2.*,!=3.3.*,!=3.4.*,!=3.5.*,!=3.6.*,>=2.7"
summary = "Node.js virtual environment builder"
groups = ["dev"]
files = [
    {file = "nodeenv-1.9.1-py2.py3-none-any.whl", hash = "sha256:ba11c9782d29c27c70ffbdda2d7415098754709be8a7056d79a737cd901155c9"},
    {file = "nodeenv-1.9.1.tar.gz", hash = "sha256:6ec12890a2dab7946721edbfbcd91f3319c6ccc9aec47be7c7e6b7011ee6645f"},
]

[[package]]
name = "pyright"
version = "1.1.398"
requires_python = ">=3.7"
summary = "Command line wrapper for pyright"
groups = ["dev"]
dependencies = [
    "nodeenv>=1.6.0",
    "typing-extensions>=4.1",
]
files = [
    {file = "pyright-1.1.398-py3-none-any.whl", hash = "sha256:0a70bfd007d9ea7de1cf9740e1ad1a40a122592cfe22a3f6791b06162ad08753"},
    {file = "pyright-1.1.398.tar.gz", hash = "sha256:357a13edd9be8082dc73be51190913e475fa41a6efb6ec0d4b7aab3bc11638d8"},
]

[[package]]
name = "typing-extensions"
version = "4.13.0"
requires_python = ">=3.8"
summary = "Backported and Experimental Type Hints for Python 3.8+"
groups = ["dev"]
files = [
    {file = "typing_extensions-4.13.0-py3-none-any.whl", hash = "sha256:c8dd92cc0d6425a97c18fbb9d1954e5ff92c1ca881a309c45f06ebc0b79058e5"},
    {file = "typing_extensions-4.13.0.tar.gz", hash = "sha256:0a4ac55a5820789d87e297727d229866c9650f6521b64206413c4fbada24d95b"},
]
